// !$*UTF8*$!
{
	archiveVersion = 1;
	classes = {
	};
	objectVersion = 46;
	objects = {

/* Begin PBXBuildFile section */
		6AF61475527E71218E545CB5 /* Pods_PhotoSharingApp.framework in Frameworks */ = {isa = PBXBuildFile; fileRef = 572D3F38EA2749D636BC21C9 /* Pods_PhotoSharingApp.framework */; };
		7A7BBE931EA120E300DA3D6E /* AppDelegate.swift in Sources */ = {isa = PBXBuildFile; fileRef = 7A7BBE921EA120E300DA3D6E /* AppDelegate.swift */; };
		7A7BBE951EA120E300DA3D6E /* PhotosListViewController.swift in Sources */ = {isa = PBXBuildFile; fileRef = 7A7BBE941EA120E300DA3D6E /* PhotosListViewController.swift */; };
		7A7BBE9A1EA120E300DA3D6E /* Assets.xcassets in Resources */ = {isa = PBXBuildFile; fileRef = 7A7BBE991EA120E300DA3D6E /* Assets.xcassets */; };
		7A7BBE9D1EA120E300DA3D6E /* LaunchScreen.storyboard in Resources */ = {isa = PBXBuildFile; fileRef = 7A7BBE9B1EA120E300DA3D6E /* LaunchScreen.storyboard */; };
		7A7BBEA81EA120E300DA3D6E /* PhotoSharingAppTests.swift in Sources */ = {isa = PBXBuildFile; fileRef = 7A7BBEA71EA120E300DA3D6E /* PhotoSharingAppTests.swift */; };
		7A7BBEB61EA12C7200DA3D6E /* LaunchViewController.swift in Sources */ = {isa = PBXBuildFile; fileRef = 7A7BBEB51EA12C7200DA3D6E /* LaunchViewController.swift */; };
		7A7BBEB81EA12C8900DA3D6E /* LaunchViewModel.swift in Sources */ = {isa = PBXBuildFile; fileRef = 7A7BBEB71EA12C8900DA3D6E /* LaunchViewModel.swift */; };
		7A7BBEBA1EA133BE00DA3D6E /* LaunchViewModelTests.swift in Sources */ = {isa = PBXBuildFile; fileRef = 7A7BBEB91EA133BE00DA3D6E /* LaunchViewModelTests.swift */; };
		7A7BBEBC1EA134FE00DA3D6E /* PhotosListViewModel.swift in Sources */ = {isa = PBXBuildFile; fileRef = 7A7BBEBB1EA134FE00DA3D6E /* PhotosListViewModel.swift */; };
		7A7BBEBE1EA13EE900DA3D6E /* PhotosListViewModelTests.swift in Sources */ = {isa = PBXBuildFile; fileRef = 7A7BBEBD1EA13EE900DA3D6E /* PhotosListViewModelTests.swift */; };
		7A7BBEC01EA3206B00DA3D6E /* Photoset.swift in Sources */ = {isa = PBXBuildFile; fileRef = 7A7BBEBF1EA3206B00DA3D6E /* Photoset.swift */; };
		7A7BBEC21EA3207B00DA3D6E /* Photo.swift in Sources */ = {isa = PBXBuildFile; fileRef = 7A7BBEC11EA3207B00DA3D6E /* Photo.swift */; };
		7A7BBEC41EA321E200DA3D6E /* PhotosetTests.swift in Sources */ = {isa = PBXBuildFile; fileRef = 7A7BBEC31EA321E200DA3D6E /* PhotosetTests.swift */; };
		7A7BBEC91EA44A6E00DA3D6E /* PhotoTableViewCell.swift in Sources */ = {isa = PBXBuildFile; fileRef = 7A7BBEC81EA44A6E00DA3D6E /* PhotoTableViewCell.swift */; };
		7A7BBECC1EA468D000DA3D6E /* SDWebImage.framework in Frameworks */ = {isa = PBXBuildFile; fileRef = 7A7BBECB1EA468D000DA3D6E /* SDWebImage.framework */; };
		7A7BBED11EA50DD900DA3D6E /* WebService.swift in Sources */ = {isa = PBXBuildFile; fileRef = 7A7BBED01EA50DD800DA3D6E /* WebService.swift */; };
		7A7BBED31EA545AD00DA3D6E /* PhotoDetailViewController.swift in Sources */ = {isa = PBXBuildFile; fileRef = 7A7BBED21EA545AD00DA3D6E /* PhotoDetailViewController.swift */; };
		7A7BBED51EA545CF00DA3D6E /* PhotoDetailViewModel.swift in Sources */ = {isa = PBXBuildFile; fileRef = 7A7BBED41EA545CF00DA3D6E /* PhotoDetailViewModel.swift */; };
		7A7BBED71EA5473F00DA3D6E /* photoset-extras.json in Resources */ = {isa = PBXBuildFile; fileRef = 7A7BBED61EA5473F00DA3D6E /* photoset-extras.json */; };
		7A7BBED91EA54BB200DA3D6E /* WebServiceTests.swift in Sources */ = {isa = PBXBuildFile; fileRef = 7A7BBED81EA54BB200DA3D6E /* WebServiceTests.swift */; };
		7ABB06671EA5C69900A0D3F2 /* PhotoDetailViewModelTests.swift in Sources */ = {isa = PBXBuildFile; fileRef = 7ABB06661EA5C69900A0D3F2 /* PhotoDetailViewModelTests.swift */; };
		A465E0D52FCD101E97F42AAF /* Pods_PhotoSharingAppTests.framework in Frameworks */ = {isa = PBXBuildFile; fileRef = DD83E4A060A10CB53A460797 /* Pods_PhotoSharingAppTests.framework */; };
/* End PBXBuildFile section */

/* Begin PBXContainerItemProxy section */
		7A7BBEA41EA120E300DA3D6E /* PBXContainerItemProxy */ = {
			isa = PBXContainerItemProxy;
			containerPortal = 7A7BBE871EA120E300DA3D6E /* Project object */;
			proxyType = 1;
			remoteGlobalIDString = 7A7BBE8E1EA120E300DA3D6E;
			remoteInfo = PhotoSharingApp;
		};
/* End PBXContainerItemProxy section */

/* Begin PBXFileReference section */
		24F5CF89EB0F2486A07037AD /* Pods-PhotoSharingApp.debug.xcconfig */ = {isa = PBXFileReference; includeInIndex = 1; lastKnownFileType = text.xcconfig; name = "Pods-PhotoSharingApp.debug.xcconfig"; path = "Pods/Target Support Files/Pods-PhotoSharingApp/Pods-PhotoSharingApp.debug.xcconfig"; sourceTree = "<group>"; };
		25036FCC3FA19D1837B9B117 /* Pods-PhotoSharingAppTests.release.xcconfig */ = {isa = PBXFileReference; includeInIndex = 1; lastKnownFileType = text.xcconfig; name = "Pods-PhotoSharingAppTests.release.xcconfig"; path = "Pods/Target Support Files/Pods-PhotoSharingAppTests/Pods-PhotoSharingAppTests.release.xcconfig"; sourceTree = "<group>"; };
		572D3F38EA2749D636BC21C9 /* Pods_PhotoSharingApp.framework */ = {isa = PBXFileReference; explicitFileType = wrapper.framework; includeInIndex = 0; path = Pods_PhotoSharingApp.framework; sourceTree = BUILT_PRODUCTS_DIR; };
		7A7BBE8F1EA120E300DA3D6E /* PhotoSharingApp.app */ = {isa = PBXFileReference; explicitFileType = wrapper.application; includeInIndex = 0; path = PhotoSharingApp.app; sourceTree = BUILT_PRODUCTS_DIR; };
		7A7BBE921EA120E300DA3D6E /* AppDelegate.swift */ = {isa = PBXFileReference; lastKnownFileType = sourcecode.swift; path = AppDelegate.swift; sourceTree = "<group>"; };
		7A7BBE941EA120E300DA3D6E /* PhotosListViewController.swift */ = {isa = PBXFileReference; lastKnownFileType = sourcecode.swift; path = PhotosListViewController.swift; sourceTree = "<group>"; };
		7A7BBE991EA120E300DA3D6E /* Assets.xcassets */ = {isa = PBXFileReference; lastKnownFileType = folder.assetcatalog; path = Assets.xcassets; sourceTree = "<group>"; };
		7A7BBE9C1EA120E300DA3D6E /* Base */ = {isa = PBXFileReference; lastKnownFileType = file.storyboard; name = Base; path = Base.lproj/LaunchScreen.storyboard; sourceTree = "<group>"; };
		7A7BBE9E1EA120E300DA3D6E /* Info.plist */ = {isa = PBXFileReference; lastKnownFileType = text.plist.xml; path = Info.plist; sourceTree = "<group>"; };
		7A7BBEA31EA120E300DA3D6E /* PhotoSharingAppTests.xctest */ = {isa = PBXFileReference; explicitFileType = wrapper.cfbundle; includeInIndex = 0; path = PhotoSharingAppTests.xctest; sourceTree = BUILT_PRODUCTS_DIR; };
		7A7BBEA71EA120E300DA3D6E /* PhotoSharingAppTests.swift */ = {isa = PBXFileReference; lastKnownFileType = sourcecode.swift; path = PhotoSharingAppTests.swift; sourceTree = "<group>"; };
		7A7BBEA91EA120E300DA3D6E /* Info.plist */ = {isa = PBXFileReference; lastKnownFileType = text.plist.xml; path = Info.plist; sourceTree = "<group>"; };
		7A7BBEB51EA12C7200DA3D6E /* LaunchViewController.swift */ = {isa = PBXFileReference; fileEncoding = 4; lastKnownFileType = sourcecode.swift; name = LaunchViewController.swift; path = ViewControllers/LaunchViewController.swift; sourceTree = "<group>"; };
		7A7BBEB71EA12C8900DA3D6E /* LaunchViewModel.swift */ = {isa = PBXFileReference; fileEncoding = 4; lastKnownFileType = sourcecode.swift; name = LaunchViewModel.swift; path = ViewModels/LaunchViewModel.swift; sourceTree = "<group>"; };
		7A7BBEB91EA133BE00DA3D6E /* LaunchViewModelTests.swift */ = {isa = PBXFileReference; fileEncoding = 4; lastKnownFileType = sourcecode.swift; path = LaunchViewModelTests.swift; sourceTree = "<group>"; };
		7A7BBEBB1EA134FE00DA3D6E /* PhotosListViewModel.swift */ = {isa = PBXFileReference; fileEncoding = 4; lastKnownFileType = sourcecode.swift; name = PhotosListViewModel.swift; path = ViewModels/PhotosListViewModel.swift; sourceTree = "<group>"; };
		7A7BBEBD1EA13EE900DA3D6E /* PhotosListViewModelTests.swift */ = {isa = PBXFileReference; fileEncoding = 4; lastKnownFileType = sourcecode.swift; path = PhotosListViewModelTests.swift; sourceTree = "<group>"; };
		7A7BBEBF1EA3206B00DA3D6E /* Photoset.swift */ = {isa = PBXFileReference; fileEncoding = 4; lastKnownFileType = sourcecode.swift; name = Photoset.swift; path = Models/Photoset.swift; sourceTree = "<group>"; };
		7A7BBEC11EA3207B00DA3D6E /* Photo.swift */ = {isa = PBXFileReference; fileEncoding = 4; lastKnownFileType = sourcecode.swift; name = Photo.swift; path = Models/Photo.swift; sourceTree = "<group>"; };
		7A7BBEC31EA321E200DA3D6E /* PhotosetTests.swift */ = {isa = PBXFileReference; fileEncoding = 4; lastKnownFileType = sourcecode.swift; path = PhotosetTests.swift; sourceTree = "<group>"; };
		7A7BBEC81EA44A6E00DA3D6E /* PhotoTableViewCell.swift */ = {isa = PBXFileReference; fileEncoding = 4; lastKnownFileType = sourcecode.swift; name = PhotoTableViewCell.swift; path = Views/PhotoTableViewCell.swift; sourceTree = "<group>"; };
		7A7BBECB1EA468D000DA3D6E /* SDWebImage.framework */ = {isa = PBXFileReference; lastKnownFileType = wrapper.framework; name = SDWebImage.framework; path = "Pods/../build/Debug-iphoneos/SDWebImage/SDWebImage.framework"; sourceTree = "<group>"; };
		7A7BBECD1EA46EDD00DA3D6E /* ImageIO.framework */ = {isa = PBXFileReference; lastKnownFileType = wrapper.framework; name = ImageIO.framework; path = System/Library/Frameworks/ImageIO.framework; sourceTree = SDKROOT; };
		7A7BBED01EA50DD800DA3D6E /* WebService.swift */ = {isa = PBXFileReference; fileEncoding = 4; lastKnownFileType = sourcecode.swift; name = WebService.swift; path = Services/WebService.swift; sourceTree = "<group>"; };
		7A7BBED21EA545AD00DA3D6E /* PhotoDetailViewController.swift */ = {isa = PBXFileReference; fileEncoding = 4; lastKnownFileType = sourcecode.swift; name = PhotoDetailViewController.swift; path = ViewControllers/PhotoDetailViewController.swift; sourceTree = "<group>"; };
		7A7BBED41EA545CF00DA3D6E /* PhotoDetailViewModel.swift */ = {isa = PBXFileReference; fileEncoding = 4; lastKnownFileType = sourcecode.swift; name = PhotoDetailViewModel.swift; path = ViewModels/PhotoDetailViewModel.swift; sourceTree = "<group>"; };
		7A7BBED61EA5473F00DA3D6E /* photoset-extras.json */ = {isa = PBXFileReference; fileEncoding = 4; lastKnownFileType = text.json; path = "photoset-extras.json"; sourceTree = "<group>"; };
		7A7BBED81EA54BB200DA3D6E /* WebServiceTests.swift */ = {isa = PBXFileReference; fileEncoding = 4; lastKnownFileType = sourcecode.swift; path = WebServiceTests.swift; sourceTree = "<group>"; };
		7ABB06661EA5C69900A0D3F2 /* PhotoDetailViewModelTests.swift */ = {isa = PBXFileReference; fileEncoding = 4; lastKnownFileType = sourcecode.swift; path = PhotoDetailViewModelTests.swift; sourceTree = "<group>"; };
		87B355F17D1867226565DF14 /* Pods-PhotoSharingApp.release.xcconfig */ = {isa = PBXFileReference; includeInIndex = 1; lastKnownFileType = text.xcconfig; name = "Pods-PhotoSharingApp.release.xcconfig"; path = "Pods/Target Support Files/Pods-PhotoSharingApp/Pods-PhotoSharingApp.release.xcconfig"; sourceTree = "<group>"; };
		A8A9F56E19BF64C2D23C8418 /* Pods-PhotoSharingAppTests.debug.xcconfig */ = {isa = PBXFileReference; includeInIndex = 1; lastKnownFileType = text.xcconfig; name = "Pods-PhotoSharingAppTests.debug.xcconfig"; path = "Pods/Target Support Files/Pods-PhotoSharingAppTests/Pods-PhotoSharingAppTests.debug.xcconfig"; sourceTree = "<group>"; };
		DD83E4A060A10CB53A460797 /* Pods_PhotoSharingAppTests.framework */ = {isa = PBXFileReference; explicitFileType = wrapper.framework; includeInIndex = 0; path = Pods_PhotoSharingAppTests.framework; sourceTree = BUILT_PRODUCTS_DIR; };
/* End PBXFileReference section */

/* Begin PBXFrameworksBuildPhase section */
		7A7BBE8C1EA120E300DA3D6E /* Frameworks */ = {
			isa = PBXFrameworksBuildPhase;
			buildActionMask = 2147483647;
			files = (
				7A7BBECC1EA468D000DA3D6E /* SDWebImage.framework in Frameworks */,
				6AF61475527E71218E545CB5 /* Pods_PhotoSharingApp.framework in Frameworks */,
			);
			runOnlyForDeploymentPostprocessing = 0;
		};
		7A7BBEA01EA120E300DA3D6E /* Frameworks */ = {
			isa = PBXFrameworksBuildPhase;
			buildActionMask = 2147483647;
			files = (
				A465E0D52FCD101E97F42AAF /* Pods_PhotoSharingAppTests.framework in Frameworks */,
			);
			runOnlyForDeploymentPostprocessing = 0;
		};
/* End PBXFrameworksBuildPhase section */

/* Begin PBXGroup section */
		7A7BBE861EA120E300DA3D6E = {
			isa = PBXGroup;
			children = (
				7A7BBE911EA120E300DA3D6E /* PhotoSharingApp */,
				7A7BBEA61EA120E300DA3D6E /* PhotoSharingAppTests */,
				7A7BBE901EA120E300DA3D6E /* Products */,
				AF6AFEB15F3018CAB7B6BBD2 /* Pods */,
				B1E4AB74A393E99DC2C5FD54 /* Frameworks */,
			);
			sourceTree = "<group>";
		};
		7A7BBE901EA120E300DA3D6E /* Products */ = {
			isa = PBXGroup;
			children = (
				7A7BBE8F1EA120E300DA3D6E /* PhotoSharingApp.app */,
				7A7BBEA31EA120E300DA3D6E /* PhotoSharingAppTests.xctest */,
			);
			name = Products;
			sourceTree = "<group>";
		};
		7A7BBE911EA120E300DA3D6E /* PhotoSharingApp */ = {
			isa = PBXGroup;
			children = (
				7A7BBECF1EA50DB500DA3D6E /* Services */,
				7A7BBEB21EA1218B00DA3D6E /* Model */,
				7A7BBEC71EA44A4000DA3D6E /* Views */,
				7A7BBEB41EA121B300DA3D6E /* ViewControllers */,
				7A7BBEB31EA121AA00DA3D6E /* ViewModels */,
				7A7BBE921EA120E300DA3D6E /* AppDelegate.swift */,
				7A7BBE991EA120E300DA3D6E /* Assets.xcassets */,
				7A7BBE9B1EA120E300DA3D6E /* LaunchScreen.storyboard */,
				7A7BBE9E1EA120E300DA3D6E /* Info.plist */,
			);
			path = PhotoSharingApp;
			sourceTree = "<group>";
		};
		7A7BBEA61EA120E300DA3D6E /* PhotoSharingAppTests */ = {
			isa = PBXGroup;
			children = (
				7A7BBEB91EA133BE00DA3D6E /* LaunchViewModelTests.swift */,
				7A7BBEBD1EA13EE900DA3D6E /* PhotosListViewModelTests.swift */,
				7ABB06661EA5C69900A0D3F2 /* PhotoDetailViewModelTests.swift */,
				7A7BBEC31EA321E200DA3D6E /* PhotosetTests.swift */,
				7A7BBED81EA54BB200DA3D6E /* WebServiceTests.swift */,
				7A7BBEA71EA120E300DA3D6E /* PhotoSharingAppTests.swift */,
				7A7BBED61EA5473F00DA3D6E /* photoset-extras.json */,
				7A7BBEA91EA120E300DA3D6E /* Info.plist */,
			);
			path = PhotoSharingAppTests;
			sourceTree = "<group>";
		};
		7A7BBEB21EA1218B00DA3D6E /* Model */ = {
			isa = PBXGroup;
			children = (
				7A7BBEBF1EA3206B00DA3D6E /* Photoset.swift */,
				7A7BBEC11EA3207B00DA3D6E /* Photo.swift */,
			);
			name = Model;
			sourceTree = "<group>";
		};
		7A7BBEB31EA121AA00DA3D6E /* ViewModels */ = {
			isa = PBXGroup;
			children = (
				7A7BBEB71EA12C8900DA3D6E /* LaunchViewModel.swift */,
				7A7BBEBB1EA134FE00DA3D6E /* PhotosListViewModel.swift */,
				7A7BBED41EA545CF00DA3D6E /* PhotoDetailViewModel.swift */,
			);
			name = ViewModels;
			sourceTree = "<group>";
		};
		7A7BBEB41EA121B300DA3D6E /* ViewControllers */ = {
			isa = PBXGroup;
			children = (
				7A7BBEB51EA12C7200DA3D6E /* LaunchViewController.swift */,
				7A7BBE941EA120E300DA3D6E /* PhotosListViewController.swift */,
				7A7BBED21EA545AD00DA3D6E /* PhotoDetailViewController.swift */,
			);
			name = ViewControllers;
			sourceTree = "<group>";
		};
		7A7BBEC71EA44A4000DA3D6E /* Views */ = {
			isa = PBXGroup;
			children = (
				7A7BBEC81EA44A6E00DA3D6E /* PhotoTableViewCell.swift */,
			);
			name = Views;
			sourceTree = "<group>";
		};
		7A7BBECF1EA50DB500DA3D6E /* Services */ = {
			isa = PBXGroup;
			children = (
				7A7BBED01EA50DD800DA3D6E /* WebService.swift */,
			);
			name = Services;
			sourceTree = "<group>";
		};
		AF6AFEB15F3018CAB7B6BBD2 /* Pods */ = {
			isa = PBXGroup;
			children = (
				24F5CF89EB0F2486A07037AD /* Pods-PhotoSharingApp.debug.xcconfig */,
				87B355F17D1867226565DF14 /* Pods-PhotoSharingApp.release.xcconfig */,
				A8A9F56E19BF64C2D23C8418 /* Pods-PhotoSharingAppTests.debug.xcconfig */,
				25036FCC3FA19D1837B9B117 /* Pods-PhotoSharingAppTests.release.xcconfig */,
			);
			name = Pods;
			sourceTree = "<group>";
		};
		B1E4AB74A393E99DC2C5FD54 /* Frameworks */ = {
			isa = PBXGroup;
			children = (
				7A7BBECD1EA46EDD00DA3D6E /* ImageIO.framework */,
				7A7BBECB1EA468D000DA3D6E /* SDWebImage.framework */,
				572D3F38EA2749D636BC21C9 /* Pods_PhotoSharingApp.framework */,
				DD83E4A060A10CB53A460797 /* Pods_PhotoSharingAppTests.framework */,
			);
			name = Frameworks;
			sourceTree = "<group>";
		};
/* End PBXGroup section */

/* Begin PBXNativeTarget section */
		7A7BBE8E1EA120E300DA3D6E /* PhotoSharingApp */ = {
			isa = PBXNativeTarget;
			buildConfigurationList = 7A7BBEAC1EA120E300DA3D6E /* Build configuration list for PBXNativeTarget "PhotoSharingApp" */;
			buildPhases = (
				DA694B76529878A34C4AE40B /* [CP] Check Pods Manifest.lock */,
				7A7BBE8B1EA120E300DA3D6E /* Sources */,
				7A7BBE8C1EA120E300DA3D6E /* Frameworks */,
				7A7BBE8D1EA120E300DA3D6E /* Resources */,
				5F2C26E9CE6BD1D16A02B203 /* [CP] Embed Pods Frameworks */,
				FC5E06ABF0B903A2BC859A56 /* [CP] Copy Pods Resources */,
			);
			buildRules = (
			);
			dependencies = (
			);
			name = PhotoSharingApp;
			productName = PhotoSharingApp;
			productReference = 7A7BBE8F1EA120E300DA3D6E /* PhotoSharingApp.app */;
			productType = "com.apple.product-type.application";
		};
		7A7BBEA21EA120E300DA3D6E /* PhotoSharingAppTests */ = {
			isa = PBXNativeTarget;
			buildConfigurationList = 7A7BBEAF1EA120E300DA3D6E /* Build configuration list for PBXNativeTarget "PhotoSharingAppTests" */;
			buildPhases = (
				423D60A071DF3044F8A8B4B7 /* [CP] Check Pods Manifest.lock */,
				7A7BBE9F1EA120E300DA3D6E /* Sources */,
				7A7BBEA01EA120E300DA3D6E /* Frameworks */,
				7A7BBEA11EA120E300DA3D6E /* Resources */,
				75A96FD6F1F9AA734040E45C /* [CP] Embed Pods Frameworks */,
				A9F3080DECDA423304E86AE5 /* [CP] Copy Pods Resources */,
			);
			buildRules = (
			);
			dependencies = (
				7A7BBEA51EA120E300DA3D6E /* PBXTargetDependency */,
			);
			name = PhotoSharingAppTests;
			productName = PhotoSharingAppTests;
			productReference = 7A7BBEA31EA120E300DA3D6E /* PhotoSharingAppTests.xctest */;
			productType = "com.apple.product-type.bundle.unit-test";
		};
/* End PBXNativeTarget section */

/* Begin PBXProject section */
		7A7BBE871EA120E300DA3D6E /* Project object */ = {
			isa = PBXProject;
			attributes = {
				LastSwiftUpdateCheck = 0830;
				LastUpgradeCheck = 0830;
				ORGANIZATIONNAME = barrybrown;
				TargetAttributes = {
					7A7BBE8E1EA120E300DA3D6E = {
						CreatedOnToolsVersion = 8.3.1;
						DevelopmentTeam = F8WZ8QMVC9;
						LastSwiftMigration = 0830;
						ProvisioningStyle = Automatic;
					};
					7A7BBEA21EA120E300DA3D6E = {
						CreatedOnToolsVersion = 8.3.1;
						DevelopmentTeam = F8WZ8QMVC9;
						LastSwiftMigration = 0830;
						ProvisioningStyle = Automatic;
						TestTargetID = 7A7BBE8E1EA120E300DA3D6E;
					};
				};
			};
			buildConfigurationList = 7A7BBE8A1EA120E300DA3D6E /* Build configuration list for PBXProject "PhotoSharingApp" */;
			compatibilityVersion = "Xcode 3.2";
			developmentRegion = English;
			hasScannedForEncodings = 0;
			knownRegions = (
				en,
				Base,
			);
			mainGroup = 7A7BBE861EA120E300DA3D6E;
			productRefGroup = 7A7BBE901EA120E300DA3D6E /* Products */;
			projectDirPath = "";
			projectRoot = "";
			targets = (
				7A7BBE8E1EA120E300DA3D6E /* PhotoSharingApp */,
				7A7BBEA21EA120E300DA3D6E /* PhotoSharingAppTests */,
			);
		};
/* End PBXProject section */

/* Begin PBXResourcesBuildPhase section */
		7A7BBE8D1EA120E300DA3D6E /* Resources */ = {
			isa = PBXResourcesBuildPhase;
			buildActionMask = 2147483647;
			files = (
				7A7BBE9D1EA120E300DA3D6E /* LaunchScreen.storyboard in Resources */,
				7A7BBE9A1EA120E300DA3D6E /* Assets.xcassets in Resources */,
			);
			runOnlyForDeploymentPostprocessing = 0;
		};
		7A7BBEA11EA120E300DA3D6E /* Resources */ = {
			isa = PBXResourcesBuildPhase;
			buildActionMask = 2147483647;
			files = (
				7A7BBED71EA5473F00DA3D6E /* photoset-extras.json in Resources */,
			);
			runOnlyForDeploymentPostprocessing = 0;
		};
/* End PBXResourcesBuildPhase section */

/* Begin PBXShellScriptBuildPhase section */
		423D60A071DF3044F8A8B4B7 /* [CP] Check Pods Manifest.lock */ = {
			isa = PBXShellScriptBuildPhase;
			buildActionMask = 2147483647;
			files = (
			);
			inputPaths = (
			);
			name = "[CP] Check Pods Manifest.lock";
			outputPaths = (
			);
			runOnlyForDeploymentPostprocessing = 0;
			shellPath = /bin/sh;
			shellScript = "diff \"${PODS_ROOT}/../Podfile.lock\" \"${PODS_ROOT}/Manifest.lock\" > /dev/null\nif [[ $? != 0 ]] ; then\n    cat << EOM\nerror: The sandbox is not in sync with the Podfile.lock. Run 'pod install' or update your CocoaPods installation.\nEOM\n    exit 1\nfi\n";
			showEnvVarsInLog = 0;
		};
		5F2C26E9CE6BD1D16A02B203 /* [CP] Embed Pods Frameworks */ = {
			isa = PBXShellScriptBuildPhase;
			buildActionMask = 2147483647;
			files = (
			);
			inputPaths = (
			);
			name = "[CP] Embed Pods Frameworks";
			outputPaths = (
			);
			runOnlyForDeploymentPostprocessing = 0;
			shellPath = /bin/sh;
			shellScript = "\"${SRCROOT}/Pods/Target Support Files/Pods-PhotoSharingApp/Pods-PhotoSharingApp-frameworks.sh\"\n";
			showEnvVarsInLog = 0;
		};
		75A96FD6F1F9AA734040E45C /* [CP] Embed Pods Frameworks */ = {
			isa = PBXShellScriptBuildPhase;
			buildActionMask = 2147483647;
			files = (
			);
			inputPaths = (
			);
			name = "[CP] Embed Pods Frameworks";
			outputPaths = (
			);
			runOnlyForDeploymentPostprocessing = 0;
			shellPath = /bin/sh;
			shellScript = "\"${SRCROOT}/Pods/Target Support Files/Pods-PhotoSharingAppTests/Pods-PhotoSharingAppTests-frameworks.sh\"\n";
			showEnvVarsInLog = 0;
		};
		A9F3080DECDA423304E86AE5 /* [CP] Copy Pods Resources */ = {
			isa = PBXShellScriptBuildPhase;
			buildActionMask = 2147483647;
			files = (
			);
			inputPaths = (
			);
			name = "[CP] Copy Pods Resources";
			outputPaths = (
			);
			runOnlyForDeploymentPostprocessing = 0;
			shellPath = /bin/sh;
			shellScript = "\"${SRCROOT}/Pods/Target Support Files/Pods-PhotoSharingAppTests/Pods-PhotoSharingAppTests-resources.sh\"\n";
			showEnvVarsInLog = 0;
		};
		DA694B76529878A34C4AE40B /* [CP] Check Pods Manifest.lock */ = {
			isa = PBXShellScriptBuildPhase;
			buildActionMask = 2147483647;
			files = (
			);
			inputPaths = (
			);
			name = "[CP] Check Pods Manifest.lock";
			outputPaths = (
			);
			runOnlyForDeploymentPostprocessing = 0;
			shellPath = /bin/sh;
			shellScript = "diff \"${PODS_ROOT}/../Podfile.lock\" \"${PODS_ROOT}/Manifest.lock\" > /dev/null\nif [[ $? != 0 ]] ; then\n    cat << EOM\nerror: The sandbox is not in sync with the Podfile.lock. Run 'pod install' or update your CocoaPods installation.\nEOM\n    exit 1\nfi\n";
			showEnvVarsInLog = 0;
		};
		FC5E06ABF0B903A2BC859A56 /* [CP] Copy Pods Resources */ = {
			isa = PBXShellScriptBuildPhase;
			buildActionMask = 2147483647;
			files = (
			);
			inputPaths = (
			);
			name = "[CP] Copy Pods Resources";
			outputPaths = (
			);
			runOnlyForDeploymentPostprocessing = 0;
			shellPath = /bin/sh;
			shellScript = "\"${SRCROOT}/Pods/Target Support Files/Pods-PhotoSharingApp/Pods-PhotoSharingApp-resources.sh\"\n";
			showEnvVarsInLog = 0;
		};
/* End PBXShellScriptBuildPhase section */

/* Begin PBXSourcesBuildPhase section */
		7A7BBE8B1EA120E300DA3D6E /* Sources */ = {
			isa = PBXSourcesBuildPhase;
			buildActionMask = 2147483647;
			files = (
				7A7BBED11EA50DD900DA3D6E /* WebService.swift in Sources */,
				7A7BBEC91EA44A6E00DA3D6E /* PhotoTableViewCell.swift in Sources */,
				7A7BBEC21EA3207B00DA3D6E /* Photo.swift in Sources */,
				7A7BBE951EA120E300DA3D6E /* PhotosListViewController.swift in Sources */,
				7A7BBEC01EA3206B00DA3D6E /* Photoset.swift in Sources */,
				7A7BBEB61EA12C7200DA3D6E /* LaunchViewController.swift in Sources */,
				7A7BBEBC1EA134FE00DA3D6E /* PhotosListViewModel.swift in Sources */,
				7A7BBED51EA545CF00DA3D6E /* PhotoDetailViewModel.swift in Sources */,
				7A7BBE931EA120E300DA3D6E /* AppDelegate.swift in Sources */,
				7A7BBED31EA545AD00DA3D6E /* PhotoDetailViewController.swift in Sources */,
				7A7BBEB81EA12C8900DA3D6E /* LaunchViewModel.swift in Sources */,
			);
			runOnlyForDeploymentPostprocessing = 0;
		};
		7A7BBE9F1EA120E300DA3D6E /* Sources */ = {
			isa = PBXSourcesBuildPhase;
			buildActionMask = 2147483647;
			files = (
				7A7BBEA81EA120E300DA3D6E /* PhotoSharingAppTests.swift in Sources */,
				7A7BBEBA1EA133BE00DA3D6E /* LaunchViewModelTests.swift in Sources */,
				7A7BBEBE1EA13EE900DA3D6E /* PhotosListViewModelTests.swift in Sources */,
				7A7BBEC41EA321E200DA3D6E /* PhotosetTests.swift in Sources */,
				7ABB06671EA5C69900A0D3F2 /* PhotoDetailViewModelTests.swift in Sources */,
				7A7BBED91EA54BB200DA3D6E /* WebServiceTests.swift in Sources */,
			);
			runOnlyForDeploymentPostprocessing = 0;
		};
/* End PBXSourcesBuildPhase section */

/* Begin PBXTargetDependency section */
		7A7BBEA51EA120E300DA3D6E /* PBXTargetDependency */ = {
			isa = PBXTargetDependency;
			target = 7A7BBE8E1EA120E300DA3D6E /* PhotoSharingApp */;
			targetProxy = 7A7BBEA41EA120E300DA3D6E /* PBXContainerItemProxy */;
		};
/* End PBXTargetDependency section */

/* Begin PBXVariantGroup section */
		7A7BBE9B1EA120E300DA3D6E /* LaunchScreen.storyboard */ = {
			isa = PBXVariantGroup;
			children = (
				7A7BBE9C1EA120E300DA3D6E /* Base */,
			);
			name = LaunchScreen.storyboard;
			sourceTree = "<group>";
		};
/* End PBXVariantGroup section */

/* Begin XCBuildConfiguration section */
		7A7BBEAA1EA120E300DA3D6E /* Debug */ = {
			isa = XCBuildConfiguration;
			buildSettings = {
				ALWAYS_SEARCH_USER_PATHS = NO;
				CLANG_ANALYZER_NONNULL = YES;
				CLANG_ANALYZER_NUMBER_OBJECT_CONVERSION = YES_AGGRESSIVE;
				CLANG_CXX_LANGUAGE_STANDARD = "gnu++0x";
				CLANG_CXX_LIBRARY = "libc++";
				CLANG_ENABLE_MODULES = YES;
				CLANG_ENABLE_OBJC_ARC = YES;
				CLANG_WARN_BOOL_CONVERSION = YES;
				CLANG_WARN_CONSTANT_CONVERSION = YES;
				CLANG_WARN_DIRECT_OBJC_ISA_USAGE = YES_ERROR;
				CLANG_WARN_DOCUMENTATION_COMMENTS = YES;
				CLANG_WARN_EMPTY_BODY = YES;
				CLANG_WARN_ENUM_CONVERSION = YES;
				CLANG_WARN_INFINITE_RECURSION = YES;
				CLANG_WARN_INT_CONVERSION = YES;
				CLANG_WARN_OBJC_ROOT_CLASS = YES_ERROR;
				CLANG_WARN_SUSPICIOUS_MOVE = YES;
				CLANG_WARN_UNREACHABLE_CODE = YES;
				CLANG_WARN__DUPLICATE_METHOD_MATCH = YES;
				"CODE_SIGN_IDENTITY[sdk=iphoneos*]" = "iPhone Developer";
				COPY_PHASE_STRIP = NO;
				DEBUG_INFORMATION_FORMAT = dwarf;
				ENABLE_STRICT_OBJC_MSGSEND = YES;
				ENABLE_TESTABILITY = YES;
				GCC_C_LANGUAGE_STANDARD = gnu99;
				GCC_DYNAMIC_NO_PIC = NO;
				GCC_NO_COMMON_BLOCKS = YES;
				GCC_OPTIMIZATION_LEVEL = 0;
				GCC_PREPROCESSOR_DEFINITIONS = (
					"DEBUG=1",
					"$(inherited)",
				);
				GCC_WARN_64_TO_32_BIT_CONVERSION = YES;
				GCC_WARN_ABOUT_RETURN_TYPE = YES_ERROR;
				GCC_WARN_UNDECLARED_SELECTOR = YES;
				GCC_WARN_UNINITIALIZED_AUTOS = YES_AGGRESSIVE;
				GCC_WARN_UNUSED_FUNCTION = YES;
				GCC_WARN_UNUSED_VARIABLE = YES;
				IPHONEOS_DEPLOYMENT_TARGET = 10.3;
				MTL_ENABLE_DEBUG_INFO = YES;
				ONLY_ACTIVE_ARCH = YES;
				SDKROOT = iphoneos;
				SWIFT_ACTIVE_COMPILATION_CONDITIONS = DEBUG;
				SWIFT_OBJC_BRIDGING_HEADER = "";
				SWIFT_OPTIMIZATION_LEVEL = "-Onone";
			};
			name = Debug;
		};
		7A7BBEAB1EA120E300DA3D6E /* Release */ = {
			isa = XCBuildConfiguration;
			buildSettings = {
				ALWAYS_SEARCH_USER_PATHS = NO;
				CLANG_ANALYZER_NONNULL = YES;
				CLANG_ANALYZER_NUMBER_OBJECT_CONVERSION = YES_AGGRESSIVE;
				CLANG_CXX_LANGUAGE_STANDARD = "gnu++0x";
				CLANG_CXX_LIBRARY = "libc++";
				CLANG_ENABLE_MODULES = YES;
				CLANG_ENABLE_OBJC_ARC = YES;
				CLANG_WARN_BOOL_CONVERSION = YES;
				CLANG_WARN_CONSTANT_CONVERSION = YES;
				CLANG_WARN_DIRECT_OBJC_ISA_USAGE = YES_ERROR;
				CLANG_WARN_DOCUMENTATION_COMMENTS = YES;
				CLANG_WARN_EMPTY_BODY = YES;
				CLANG_WARN_ENUM_CONVERSION = YES;
				CLANG_WARN_INFINITE_RECURSION = YES;
				CLANG_WARN_INT_CONVERSION = YES;
				CLANG_WARN_OBJC_ROOT_CLASS = YES_ERROR;
				CLANG_WARN_SUSPICIOUS_MOVE = YES;
				CLANG_WARN_UNREACHABLE_CODE = YES;
				CLANG_WARN__DUPLICATE_METHOD_MATCH = YES;
				"CODE_SIGN_IDENTITY[sdk=iphoneos*]" = "iPhone Developer";
				COPY_PHASE_STRIP = NO;
				DEBUG_INFORMATION_FORMAT = "dwarf-with-dsym";
				ENABLE_NS_ASSERTIONS = NO;
				ENABLE_STRICT_OBJC_MSGSEND = YES;
				GCC_C_LANGUAGE_STANDARD = gnu99;
				GCC_NO_COMMON_BLOCKS = YES;
				GCC_WARN_64_TO_32_BIT_CONVERSION = YES;
				GCC_WARN_ABOUT_RETURN_TYPE = YES_ERROR;
				GCC_WARN_UNDECLARED_SELECTOR = YES;
				GCC_WARN_UNINITIALIZED_AUTOS = YES_AGGRESSIVE;
				GCC_WARN_UNUSED_FUNCTION = YES;
				GCC_WARN_UNUSED_VARIABLE = YES;
				IPHONEOS_DEPLOYMENT_TARGET = 10.3;
				MTL_ENABLE_DEBUG_INFO = NO;
				SDKROOT = iphoneos;
				SWIFT_OBJC_BRIDGING_HEADER = "";
				SWIFT_OPTIMIZATION_LEVEL = "-Owholemodule";
				VALIDATE_PRODUCT = YES;
			};
			name = Release;
		};
		7A7BBEAD1EA120E300DA3D6E /* Debug */ = {
			isa = XCBuildConfiguration;
			baseConfigurationReference = 24F5CF89EB0F2486A07037AD /* Pods-PhotoSharingApp.debug.xcconfig */;
			buildSettings = {
				ASSETCATALOG_COMPILER_APPICON_NAME = AppIcon;
				DEVELOPMENT_TEAM = F8WZ8QMVC9;
				FRAMEWORK_SEARCH_PATHS = (
					"$(inherited)",
					"$(PROJECT_DIR)/build/Debug-iphoneos/SDWebImage",
				);
				INFOPLIST_FILE = PhotoSharingApp/Info.plist;
				LD_RUNPATH_SEARCH_PATHS = "$(inherited) @executable_path/Frameworks";
				PRODUCT_BUNDLE_IDENTIFIER = barrybrown.PhotoSharingApp;
				PRODUCT_NAME = "$(TARGET_NAME)";
				SWIFT_VERSION = 3.0;
			};
			name = Debug;
		};
		7A7BBEAE1EA120E300DA3D6E /* Release */ = {
			isa = XCBuildConfiguration;
			baseConfigurationReference = 87B355F17D1867226565DF14 /* Pods-PhotoSharingApp.release.xcconfig */;
			buildSettings = {
				ASSETCATALOG_COMPILER_APPICON_NAME = AppIcon;
				DEVELOPMENT_TEAM = F8WZ8QMVC9;
				FRAMEWORK_SEARCH_PATHS = (
					"$(inherited)",
					"$(PROJECT_DIR)/build/Debug-iphoneos/SDWebImage",
				);
				INFOPLIST_FILE = PhotoSharingApp/Info.plist;
				LD_RUNPATH_SEARCH_PATHS = "$(inherited) @executable_path/Frameworks";
				PRODUCT_BUNDLE_IDENTIFIER = barrybrown.PhotoSharingApp;
				PRODUCT_NAME = "$(TARGET_NAME)";
				SWIFT_VERSION = 3.0;
			};
			name = Release;
		};
		7A7BBEB01EA120E300DA3D6E /* Debug */ = {
			isa = XCBuildConfiguration;
			baseConfigurationReference = A8A9F56E19BF64C2D23C8418 /* Pods-PhotoSharingAppTests.debug.xcconfig */;
			buildSettings = {
				ALWAYS_EMBED_SWIFT_STANDARD_LIBRARIES = YES;
				BUNDLE_LOADER = "$(TEST_HOST)";
				DEVELOPMENT_TEAM = F8WZ8QMVC9;
				INFOPLIST_FILE = PhotoSharingAppTests/Info.plist;
				LD_RUNPATH_SEARCH_PATHS = "$(inherited) @executable_path/Frameworks @loader_path/Frameworks";
				PRODUCT_BUNDLE_IDENTIFIER = barrybrown.PhotoSharingAppTests;
				PRODUCT_NAME = "$(TARGET_NAME)";
				SWIFT_VERSION = 3.0;
				TEST_HOST = "$(BUILT_PRODUCTS_DIR)/PhotoSharingApp.app/PhotoSharingApp";
			};
			name = Debug;
		};
		7A7BBEB11EA120E300DA3D6E /* Release */ = {
			isa = XCBuildConfiguration;
			baseConfigurationReference = 25036FCC3FA19D1837B9B117 /* Pods-PhotoSharingAppTests.release.xcconfig */;
			buildSettings = {
				ALWAYS_EMBED_SWIFT_STANDARD_LIBRARIES = YES;
				BUNDLE_LOADER = "$(TEST_HOST)";
				DEVELOPMENT_TEAM = F8WZ8QMVC9;
				INFOPLIST_FILE = PhotoSharingAppTests/Info.plist;
				LD_RUNPATH_SEARCH_PATHS = "$(inherited) @executable_path/Frameworks @loader_path/Frameworks";
				PRODUCT_BUNDLE_IDENTIFIER = barrybrown.PhotoSharingAppTests;
				PRODUCT_NAME = "$(TARGET_NAME)";
				SWIFT_VERSION = 3.0;
				TEST_HOST = "$(BUILT_PRODUCTS_DIR)/PhotoSharingApp.app/PhotoSharingApp";
			};
			name = Release;
		};
/* End XCBuildConfiguration section */

/* Begin XCConfigurationList section */
		7A7BBE8A1EA120E300DA3D6E /* Build configuration list for PBXProject "PhotoSharingApp" */ = {
			isa = XCConfigurationList;
			buildConfigurations = (
				7A7BBEAA1EA120E300DA3D6E /* Debug */,
				7A7BBEAB1EA120E300DA3D6E /* Release */,
			);
			defaultConfigurationIsVisible = 0;
			defaultConfigurationName = Release;
		};
		7A7BBEAC1EA120E300DA3D6E /* Build configuration list for PBXNativeTarget "PhotoSharingApp" */ = {
			isa = XCConfigurationList;
			buildConfigurations = (
				7A7BBEAD1EA120E300DA3D6E /* Debug */,
				7A7BBEAE1EA120E300DA3D6E /* Release */,
			);
			defaultConfigurationIsVisible = 0;
			defaultConfigurationName = Release;
		};
		7A7BBEAF1EA120E300DA3D6E /* Build configuration list for PBXNativeTarget "PhotoSharingAppTests" */ = {
			isa = XCConfigurationList;
			buildConfigurations = (
				7A7BBEB01EA120E300DA3D6E /* Debug */,
				7A7BBEB11EA120E300DA3D6E /* Release */,
			);
			defaultConfigurationIsVisible = 0;
			defaultConfigurationName = Release;
		};
/* End XCConfigurationList section */
	};
	rootObject = 7A7BBE871EA120E300DA3D6E /* Project object */;
}
